
Microsoft Visual Studio Solution File, Format Version 12.00
# Visual Studio Version 17
VisualStudioVersion = 17.10.35027.167
MinimumVisualStudioVersion = 10.0.40219.1
Project("{FAE04EC0-301F-11D3-BF4B-00C04F79EFBC}") = "UserManagement", "UserManagement\UserManagement.csproj", "{8325DA03-BFE7-4A43-99C2-63933B6FE551}"
EndProject
Global
	GlobalSection(SolutionConfigurationPlatforms) = preSolution
		Debug|Any CPU = Debug|Any CPU
		Release|Any CPU = Release|Any CPU
	EndGlobalSection
	GlobalSection(ProjectConfigurationPlatforms) = postSolution
		{8325DA03-BFE7-4A43-99C2-63933B6FE551}.Debug|Any CPU.ActiveCfg = Debug|Any CPU
		{8325DA03-BFE7-4A43-99C2-63933B6FE551}.Debug|Any CPU.Build.0 = Debug|Any CPU
		{8325DA03-BFE7-4A43-99C2-63933B6FE551}.Release|Any CPU.ActiveCfg = Release|Any CPU
		{8325DA03-BFE7-4A43-99C2-63933B6FE551}.Release|Any CPU.Build.0 = Release|Any CPU
	EndGlobalSection
	GlobalSection(SolutionProperties) = preSolution
		HideSolutionNode = FALSE
	EndGlobalSection
	GlobalSection(ExtensibilityGlobals) = postSolution
		SolutionGuid = {CCCB64EF-E9D6-409C-9DB0-47D2ED93C696}
	EndGlobalSection
EndGlobal
